
Microsoft Visual Studio Solution File, Format Version 12.00
# Visual Studio Version 17
VisualStudioVersion = 17.4.33103.184
MinimumVisualStudioVersion = 10.0.40219.1
Project("{FAE04EC0-301F-11D3-BF4B-00C04F79EFBC}") = "CalcLib", "CalcLib\CalcLib.csproj", "{4269A514-6999-4E0F-9BCD-9AC3F3209F5E}"
EndProject
Global
	GlobalSection(SolutionConfigurationPlatforms) = preSolution
		Debug|Any CPU = Debug|Any CPU
		Release|Any CPU = Release|Any CPU
	EndGlobalSection
	GlobalSection(ProjectConfigurationPlatforms) = postSolution
		{4269A514-6999-4E0F-9BCD-9AC3F3209F5E}.Debug|Any CPU.ActiveCfg = Debug|Any CPU
		{4269A514-6999-4E0F-9BCD-9AC3F3209F5E}.Debug|Any CPU.Build.0 = Debug|Any CPU
		{4269A514-6999-4E0F-9BCD-9AC3F3209F5E}.Release|Any CPU.ActiveCfg = Release|Any CPU
		{4269A514-6999-4E0F-9BCD-9AC3F3209F5E}.Release|Any CPU.Build.0 = Release|Any CPU
	EndGlobalSection
	GlobalSection(SolutionProperties) = preSolution
		HideSolutionNode = FALSE
	EndGlobalSection
	GlobalSection(ExtensibilityGlobals) = postSolution
		SolutionGuid = {5CE8FF7F-5AB3-4E83-AAAF-84AE9FE6FBEE}
	EndGlobalSection
EndGlobal
